{
  "name": "c15e4b19a90d9797",
  "lockfileVersion": 2,
  "requires": true,
  "packages": {
    "": {
      "dependencies": {
        "expo-doctor": "^1.6.1"
      }
    },
    "node_modules/expo-doctor": {
      "version": "1.6.1",
      "resolved": "https://registry.npmjs.org/expo-doctor/-/expo-doctor-1.6.1.tgz",
      "integrity": "sha512-n80Bzs3iEnkOSIKrxJTNE2QwTpmWx2aJQpDVymlfK4Ur11ocuirUZy7IfsPbs9PGGXvxE4bIH3SGq3QghRNM4Q==",
      "bin": {
        "expo-doctor": "build/index.js"
      }
    }
  },
  "dependencies": {
    "expo-doctor": {
      "version": "1.6.1",
      "resolved": "https://registry.npmjs.org/expo-doctor/-/expo-doctor-1.6.1.tgz",
      "integrity": "sha512-n80Bzs3iEnkOSIKrxJTNE2QwTpmWx2aJQpDVymlfK4Ur11ocuirUZy7IfsPbs9PGGXvxE4bIH3SGq3QghRNM4Q=="
    }
  }
}
